
Microsoft Visual Studio Solution File, Format Version 12.00
# Visual Studio Version 17
VisualStudioVersion = 17.4.33213.308
MinimumVisualStudioVersion = 10.0.40219.1
Project("{FAE04EC0-301F-11D3-BF4B-00C04F79EFBC}") = "PruebaClasesEquipo4", "PruebaClasesEquipo4.csproj", "{217A46CC-1E6E-411E-BF36-C14D9CF49F14}"
EndProject
Global
	GlobalSection(SolutionConfigurationPlatforms) = preSolution
		Debug|Any CPU = Debug|Any CPU
		Release|Any CPU = Release|Any CPU
	EndGlobalSection
	GlobalSection(ProjectConfigurationPlatforms) = postSolution
		{217A46CC-1E6E-411E-BF36-C14D9CF49F14}.Debug|Any CPU.ActiveCfg = Debug|Any CPU
		{217A46CC-1E6E-411E-BF36-C14D9CF49F14}.Debug|Any CPU.Build.0 = Debug|Any CPU
		{217A46CC-1E6E-411E-BF36-C14D9CF49F14}.Release|Any CPU.ActiveCfg = Release|Any CPU
		{217A46CC-1E6E-411E-BF36-C14D9CF49F14}.Release|Any CPU.Build.0 = Release|Any CPU
	EndGlobalSection
	GlobalSection(SolutionProperties) = preSolution
		HideSolutionNode = FALSE
	EndGlobalSection
	GlobalSection(ExtensibilityGlobals) = postSolution
		SolutionGuid = {5671B5CF-9B40-4813-AA96-8FEDCC796C53}
	EndGlobalSection
EndGlobal
